
Microsoft Visual Studio Solution File, Format Version 12.00
# Visual Studio Version 16
VisualStudioVersion = 16.0.29215.179
MinimumVisualStudioVersion = 10.0.40219.1
Project("{FAE04EC0-301F-11D3-BF4B-00C04F79EFBC}") = "OOP_List_Listbox", "OOP_List_Listbox\OOP_List_Listbox.csproj", "{B4A11435-C331-43CE-84D5-56C056EFA9BB}"
EndProject
Global
	GlobalSection(SolutionConfigurationPlatforms) = preSolution
		Debug|Any CPU = Debug|Any CPU
		Release|Any CPU = Release|Any CPU
	EndGlobalSection
	GlobalSection(ProjectConfigurationPlatforms) = postSolution
		{B4A11435-C331-43CE-84D5-56C056EFA9BB}.Debug|Any CPU.ActiveCfg = Debug|Any CPU
		{B4A11435-C331-43CE-84D5-56C056EFA9BB}.Debug|Any CPU.Build.0 = Debug|Any CPU
		{B4A11435-C331-43CE-84D5-56C056EFA9BB}.Release|Any CPU.ActiveCfg = Release|Any CPU
		{B4A11435-C331-43CE-84D5-56C056EFA9BB}.Release|Any CPU.Build.0 = Release|Any CPU
	EndGlobalSection
	GlobalSection(SolutionProperties) = preSolution
		HideSolutionNode = FALSE
	EndGlobalSection
	GlobalSection(ExtensibilityGlobals) = postSolution
		SolutionGuid = {8BFB4F79-EDB6-4BD7-A0F3-E7C75AD4A797}
	EndGlobalSection
EndGlobal
